
Microsoft Visual Studio Solution File, Format Version 12.00
# Visual Studio Version 16
VisualStudioVersion = 16.0.30413.136
MinimumVisualStudioVersion = 10.0.40219.1
Project("{9A19103F-16F7-4668-BE54-9A1E7A4F7556}") = "lab3_2cs", "lab3_8cs\lab3_2cs.csproj", "{A97E8C82-9301-4B53-9849-C746E9EE9AC3}"
EndProject
Project("{9A19103F-16F7-4668-BE54-9A1E7A4F7556}") = "Library", "Library\Library.csproj", "{50D590A2-F503-4873-A47C-57C63B2B2B5D}"
EndProject
Global
	GlobalSection(SolutionConfigurationPlatforms) = preSolution
		Debug|Any CPU = Debug|Any CPU
		Release|Any CPU = Release|Any CPU
	EndGlobalSection
	GlobalSection(ProjectConfigurationPlatforms) = postSolution
		{A97E8C82-9301-4B53-9849-C746E9EE9AC3}.Debug|Any CPU.ActiveCfg = Debug|Any CPU
		{A97E8C82-9301-4B53-9849-C746E9EE9AC3}.Debug|Any CPU.Build.0 = Debug|Any CPU
		{A97E8C82-9301-4B53-9849-C746E9EE9AC3}.Release|Any CPU.ActiveCfg = Release|Any CPU
		{A97E8C82-9301-4B53-9849-C746E9EE9AC3}.Release|Any CPU.Build.0 = Release|Any CPU
		{50D590A2-F503-4873-A47C-57C63B2B2B5D}.Debug|Any CPU.ActiveCfg = Debug|Any CPU
		{50D590A2-F503-4873-A47C-57C63B2B2B5D}.Debug|Any CPU.Build.0 = Debug|Any CPU
		{50D590A2-F503-4873-A47C-57C63B2B2B5D}.Release|Any CPU.ActiveCfg = Release|Any CPU
		{50D590A2-F503-4873-A47C-57C63B2B2B5D}.Release|Any CPU.Build.0 = Release|Any CPU
	EndGlobalSection
	GlobalSection(SolutionProperties) = preSolution
		HideSolutionNode = FALSE
	EndGlobalSection
	GlobalSection(ExtensibilityGlobals) = postSolution
		SolutionGuid = {E93A0A8E-50EA-4797-B613-857AFA3A8CBB}
	EndGlobalSection
EndGlobal
